
Microsoft Visual Studio Solution File, Format Version 12.00
# Visual Studio 15
VisualStudioVersion = 15.0.27703.2035
MinimumVisualStudioVersion = 10.0.40219.1
Project("{FAE04EC0-301F-11D3-BF4B-00C04F79EFBC}") = "WpfApp1", "WpfApp1\WpfApp1.csproj", "{26560703-1B0E-4A55-A995-5C1CA11717CF}"
EndProject
Global
	GlobalSection(SolutionConfigurationPlatforms) = preSolution
		Debug|Any CPU = Debug|Any CPU
		Release|Any CPU = Release|Any CPU
	EndGlobalSection
	GlobalSection(ProjectConfigurationPlatforms) = postSolution
		{26560703-1B0E-4A55-A995-5C1CA11717CF}.Debug|Any CPU.ActiveCfg = Debug|Any CPU
		{26560703-1B0E-4A55-A995-5C1CA11717CF}.Debug|Any CPU.Build.0 = Debug|Any CPU
		{26560703-1B0E-4A55-A995-5C1CA11717CF}.Release|Any CPU.ActiveCfg = Release|Any CPU
		{26560703-1B0E-4A55-A995-5C1CA11717CF}.Release|Any CPU.Build.0 = Release|Any CPU
	EndGlobalSection
	GlobalSection(SolutionProperties) = preSolution
		HideSolutionNode = FALSE
	EndGlobalSection
	GlobalSection(ExtensibilityGlobals) = postSolution
		SolutionGuid = {66D36B9C-C6B4-4A30-9A98-A69F9FA330C7}
	EndGlobalSection
EndGlobal
